
Microsoft Visual Studio Solution File, Format Version 12.00
# Visual Studio Version 16
VisualStudioVersion = 25.0.1705.1
MinimumVisualStudioVersion = 10.0.40219.1
Project("{FAE04EC0-301F-11D3-BF4B-00C04F79EFBC}") = "Sudoku", "Sudoku\Sudoku.csproj", "{5B50208C-5DB2-4C84-9BBF-F76980919987}"
EndProject
Project("{FAE04EC0-301F-11D3-BF4B-00C04F79EFBC}") = "SudokuTests", "SudokuTests\SudokuTests.csproj", "{2FD802B8-4550-42C2-B465-5CC743073851}"
EndProject
Global
	GlobalSection(SolutionConfigurationPlatforms) = preSolution
		Debug|Any CPU = Debug|Any CPU
		Release|Any CPU = Release|Any CPU
	EndGlobalSection
	GlobalSection(ProjectConfigurationPlatforms) = postSolution
		{5B50208C-5DB2-4C84-9BBF-F76980919987}.Debug|Any CPU.ActiveCfg = Debug|Any CPU
		{5B50208C-5DB2-4C84-9BBF-F76980919987}.Debug|Any CPU.Build.0 = Debug|Any CPU
		{5B50208C-5DB2-4C84-9BBF-F76980919987}.Release|Any CPU.ActiveCfg = Release|Any CPU
		{5B50208C-5DB2-4C84-9BBF-F76980919987}.Release|Any CPU.Build.0 = Release|Any CPU
		{2FD802B8-4550-42C2-B465-5CC743073851}.Debug|Any CPU.ActiveCfg = Debug|Any CPU
		{2FD802B8-4550-42C2-B465-5CC743073851}.Debug|Any CPU.Build.0 = Debug|Any CPU
		{2FD802B8-4550-42C2-B465-5CC743073851}.Release|Any CPU.ActiveCfg = Release|Any CPU
		{2FD802B8-4550-42C2-B465-5CC743073851}.Release|Any CPU.Build.0 = Release|Any CPU
	EndGlobalSection
	GlobalSection(SolutionProperties) = preSolution
		HideSolutionNode = FALSE
	EndGlobalSection
	GlobalSection(ExtensibilityGlobals) = postSolution
		SolutionGuid = {85AD7EDE-4234-4E5E-8FD1-6C502FE08BAB}
	EndGlobalSection
EndGlobal
